
Microsoft Visual Studio Solution File, Format Version 11.00
# Visual Studio 2010
Project("{FAE04EC0-301F-11D3-BF4B-00C04F79EFBC}") = "Assembly-CSharp", "Assembly-CSharp.csproj", "{2DB5F783-EE05-11A8-69A6-BA89477098B6}"
EndProject
Project("{FAE04EC0-301F-11D3-BF4B-00C04F79EFBC}") = "Assembly-CSharp-Editor-firstpass", "Assembly-CSharp-Editor-firstpass.csproj", "{1AC6B68E-EB57-5A9C-4F97-FBC8952B3ABC}"
EndProject
Global
	GlobalSection(SolutionConfigurationPlatforms) = preSolution
		Debug|Any CPU = Debug|Any CPU
		Release|Any CPU = Release|Any CPU
	EndGlobalSection
	GlobalSection(ProjectConfigurationPlatforms) = postSolution
		{2DB5F783-EE05-11A8-69A6-BA89477098B6}.Debug|Any CPU.ActiveCfg = Debug|Any CPU
		{2DB5F783-EE05-11A8-69A6-BA89477098B6}.Debug|Any CPU.Build.0 = Debug|Any CPU
		{2DB5F783-EE05-11A8-69A6-BA89477098B6}.Release|Any CPU.ActiveCfg = Release|Any CPU
		{2DB5F783-EE05-11A8-69A6-BA89477098B6}.Release|Any CPU.Build.0 = Release|Any CPU
		{1AC6B68E-EB57-5A9C-4F97-FBC8952B3ABC}.Debug|Any CPU.ActiveCfg = Debug|Any CPU
		{1AC6B68E-EB57-5A9C-4F97-FBC8952B3ABC}.Debug|Any CPU.Build.0 = Debug|Any CPU
		{1AC6B68E-EB57-5A9C-4F97-FBC8952B3ABC}.Release|Any CPU.ActiveCfg = Release|Any CPU
		{1AC6B68E-EB57-5A9C-4F97-FBC8952B3ABC}.Release|Any CPU.Build.0 = Release|Any CPU
	EndGlobalSection
	GlobalSection(SolutionProperties) = preSolution
		HideSolutionNode = FALSE
	EndGlobalSection
	GlobalSection(MonoDevelopProperties) = preSolution
		StartupItem = Assembly-CSharp.csproj
	EndGlobalSection
EndGlobal
